// !$*UTF8*$!
{
	archiveVersion = 1;
	classes = {
	};
	objectVersion = 56;
	objects = {

/* Begin PBXBuildFile section */
		B4A5B7C02C1579140037A5AB /* FileShareApp.swift in Sources */ = {isa = PBXBuildFile; fileRef = B4A5B7BF2C1579140037A5AB /* FileShareApp.swift */; };
		B4A5B7C22C1579140037A5AB /* FileShareView.swift in Sources */ = {isa = PBXBuildFile; fileRef = B4A5B7C12C1579140037A5AB /* FileShareView.swift */; };
		B4A5B7C42C1579230037A5AB /* Assets.xcassets in Resources */ = {isa = PBXBuildFile; fileRef = B4A5B7C32C1579230037A5AB /* Assets.xcassets */; };
		B4A5B7C82C1579240037A5AB /* Preview Assets.xcassets in Resources */ = {isa = PBXBuildFile; fileRef = B4A5B7C72C1579240037A5AB /* Preview Assets.xcassets */; };
		B4A5B7D12C1579D30037A5AB /* FileData.swift in Sources */ = {isa = PBXBuildFile; fileRef = B4A5B7D02C1579D20037A5AB /* FileData.swift */; };
		B4A5B7D32C1579F60037A5AB /* FetchFileService.swift in Sources */ = {isa = PBXBuildFile; fileRef = B4A5B7D22C1579F60037A5AB /* FetchFileService.swift */; };
		B4A5B7D52C157A0B0037A5AB /* UploadFileService.swift in Sources */ = {isa = PBXBuildFile; fileRef = B4A5B7D42C157A0B0037A5AB /* UploadFileService.swift */; };
		B4A5B7D72C157AAC0037A5AB /* FileShareViewModel.swift in Sources */ = {isa = PBXBuildFile; fileRef = B4A5B7D62C157AAC0037A5AB /* FileShareViewModel.swift */; };
		B4A5B7D92C159A340037A5AB /* FileDocument.swift in Sources */ = {isa = PBXBuildFile; fileRef = B4A5B7D82C159A330037A5AB /* FileDocument.swift */; };
		B4A5B7E62C1746B40037A5AB /* ImportExportService.swift in Sources */ = {isa = PBXBuildFile; fileRef = B4A5B7E52C1746B30037A5AB /* ImportExportService.swift */; };
		B4A5B7E82C19BBC00037A5AB /* DeleteAllFilesService.swift in Sources */ = {isa = PBXBuildFile; fileRef = B4A5B7E72C19BBC00037A5AB /* DeleteAllFilesService.swift */; };
		B4A5B7EA2C19D27E0037A5AB /* FileListView.swift in Sources */ = {isa = PBXBuildFile; fileRef = B4A5B7E92C19D27E0037A5AB /* FileListView.swift */; };
		B4A5B7EC2C19D5820037A5AB /* ImportExportViewModifier.swift in Sources */ = {isa = PBXBuildFile; fileRef = B4A5B7EB2C19D5820037A5AB /* ImportExportViewModifier.swift */; };
		B4D5D7512C1EACDB00FDFF03 /* DeleteFileService.swift in Sources */ = {isa = PBXBuildFile; fileRef = B4D5D7502C1EACDB00FDFF03 /* DeleteFileService.swift */; };
/* End PBXBuildFile section */

/* Begin PBXFileReference section */
		B4A5B7BC2C1579140037A5AB /* FileShare.app */ = {isa = PBXFileReference; explicitFileType = wrapper.application; includeInIndex = 0; path = FileShare.app; sourceTree = BUILT_PRODUCTS_DIR; };
		B4A5B7BF2C1579140037A5AB /* FileShareApp.swift */ = {isa = PBXFileReference; lastKnownFileType = sourcecode.swift; path = FileShareApp.swift; sourceTree = "<group>"; };
		B4A5B7C12C1579140037A5AB /* FileShareView.swift */ = {isa = PBXFileReference; lastKnownFileType = sourcecode.swift; path = FileShareView.swift; sourceTree = "<group>"; };
		B4A5B7C32C1579230037A5AB /* Assets.xcassets */ = {isa = PBXFileReference; lastKnownFileType = folder.assetcatalog; path = Assets.xcassets; sourceTree = "<group>"; };
		B4A5B7C52C1579230037A5AB /* FileShare.entitlements */ = {isa = PBXFileReference; lastKnownFileType = text.plist.entitlements; path = FileShare.entitlements; sourceTree = "<group>"; };
		B4A5B7C72C1579240037A5AB /* Preview Assets.xcassets */ = {isa = PBXFileReference; lastKnownFileType = folder.assetcatalog; path = "Preview Assets.xcassets"; sourceTree = "<group>"; };
		B4A5B7D02C1579D20037A5AB /* FileData.swift */ = {isa = PBXFileReference; lastKnownFileType = sourcecode.swift; path = FileData.swift; sourceTree = "<group>"; };
		B4A5B7D22C1579F60037A5AB /* FetchFileService.swift */ = {isa = PBXFileReference; lastKnownFileType = sourcecode.swift; path = FetchFileService.swift; sourceTree = "<group>"; };
		B4A5B7D42C157A0B0037A5AB /* UploadFileService.swift */ = {isa = PBXFileReference; lastKnownFileType = sourcecode.swift; path = UploadFileService.swift; sourceTree = "<group>"; };
		B4A5B7D62C157AAC0037A5AB /* FileShareViewModel.swift */ = {isa = PBXFileReference; lastKnownFileType = sourcecode.swift; path = FileShareViewModel.swift; sourceTree = "<group>"; };
		B4A5B7D82C159A330037A5AB /* FileDocument.swift */ = {isa = PBXFileReference; lastKnownFileType = sourcecode.swift; path = FileDocument.swift; sourceTree = "<group>"; };
		B4A5B7E52C1746B30037A5AB /* ImportExportService.swift */ = {isa = PBXFileReference; lastKnownFileType = sourcecode.swift; path = ImportExportService.swift; sourceTree = "<group>"; };
		B4A5B7E72C19BBC00037A5AB /* DeleteAllFilesService.swift */ = {isa = PBXFileReference; lastKnownFileType = sourcecode.swift; path = DeleteAllFilesService.swift; sourceTree = "<group>"; };
		B4A5B7E92C19D27E0037A5AB /* FileListView.swift */ = {isa = PBXFileReference; lastKnownFileType = sourcecode.swift; path = FileListView.swift; sourceTree = "<group>"; };
		B4A5B7EB2C19D5820037A5AB /* ImportExportViewModifier.swift */ = {isa = PBXFileReference; lastKnownFileType = sourcecode.swift; path = ImportExportViewModifier.swift; sourceTree = "<group>"; };
		B4D5D7502C1EACDB00FDFF03 /* DeleteFileService.swift */ = {isa = PBXFileReference; lastKnownFileType = sourcecode.swift; path = DeleteFileService.swift; sourceTree = "<group>"; };
/* End PBXFileReference section */

/* Begin PBXFrameworksBuildPhase section */
		B4A5B7B92C1579140037A5AB /* Frameworks */ = {
			isa = PBXFrameworksBuildPhase;
			buildActionMask = 2147483647;
			files = (
			);
			runOnlyForDeploymentPostprocessing = 0;
		};
/* End PBXFrameworksBuildPhase section */

/* Begin PBXGroup section */
		B4A5B7B32C1579130037A5AB = {
			isa = PBXGroup;
			children = (
				B4A5B7BE2C1579140037A5AB /* FileShare */,
				B4A5B7BD2C1579140037A5AB /* Products */,
			);
			sourceTree = "<group>";
		};
		B4A5B7BD2C1579140037A5AB /* Products */ = {
			isa = PBXGroup;
			children = (
				B4A5B7BC2C1579140037A5AB /* FileShare.app */,
			);
			name = Products;
			sourceTree = "<group>";
		};
		B4A5B7BE2C1579140037A5AB /* FileShare */ = {
			isa = PBXGroup;
			children = (
				B4A5B7E22C17161F0037A5AB /* ViewModels */,
				B4A5B7DA2C15B79A0037A5AB /* Views */,
				B4A5B7BF2C1579140037A5AB /* FileShareApp.swift */,
				B4A5B7CE2C1579960037A5AB /* Models */,
				B4A5B7CF2C1579A60037A5AB /* Services */,
				B4A5B7C32C1579230037A5AB /* Assets.xcassets */,
				B4A5B7C52C1579230037A5AB /* FileShare.entitlements */,
				B4A5B7C62C1579240037A5AB /* Preview Content */,
			);
			path = FileShare;
			sourceTree = "<group>";
		};
		B4A5B7C62C1579240037A5AB /* Preview Content */ = {
			isa = PBXGroup;
			children = (
				B4A5B7C72C1579240037A5AB /* Preview Assets.xcassets */,
			);
			path = "Preview Content";
			sourceTree = "<group>";
		};
		B4A5B7CE2C1579960037A5AB /* Models */ = {
			isa = PBXGroup;
			children = (
				B4A5B7D02C1579D20037A5AB /* FileData.swift */,
				B4A5B7D82C159A330037A5AB /* FileDocument.swift */,
			);
			path = Models;
			sourceTree = "<group>";
		};
		B4A5B7CF2C1579A60037A5AB /* Services */ = {
			isa = PBXGroup;
			children = (
				B4A5B7D22C1579F60037A5AB /* FetchFileService.swift */,
				B4A5B7D42C157A0B0037A5AB /* UploadFileService.swift */,
				B4A5B7E52C1746B30037A5AB /* ImportExportService.swift */,
				B4A5B7E72C19BBC00037A5AB /* DeleteAllFilesService.swift */,
				B4D5D7502C1EACDB00FDFF03 /* DeleteFileService.swift */,
			);
			path = Services;
			sourceTree = "<group>";
		};
		B4A5B7DA2C15B79A0037A5AB /* Views */ = {
			isa = PBXGroup;
			children = (
				B4A5B7D62C157AAC0037A5AB /* FileShareViewModel.swift */,
				B4A5B7C12C1579140037A5AB /* FileShareView.swift */,
				B4A5B7E92C19D27E0037A5AB /* FileListView.swift */,
				B4A5B7EB2C19D5820037A5AB /* ImportExportViewModifier.swift */,
			);
			path = Views;
			sourceTree = "<group>";
		};
		B4A5B7E22C17161F0037A5AB /* ViewModels */ = {
			isa = PBXGroup;
			children = (
			);
			path = ViewModels;
			sourceTree = "<group>";
		};
/* End PBXGroup section */

/* Begin PBXNativeTarget section */
		B4A5B7BB2C1579140037A5AB /* FileShare */ = {
			isa = PBXNativeTarget;
			buildConfigurationList = B4A5B7CB2C1579240037A5AB /* Build configuration list for PBXNativeTarget "FileShare" */;
			buildPhases = (
				B4A5B7B82C1579140037A5AB /* Sources */,
				B4A5B7B92C1579140037A5AB /* Frameworks */,
				B4A5B7BA2C1579140037A5AB /* Resources */,
			);
			buildRules = (
			);
			dependencies = (
			);
			name = FileShare;
			productName = FileShare;
			productReference = B4A5B7BC2C1579140037A5AB /* FileShare.app */;
			productType = "com.apple.product-type.application";
		};
/* End PBXNativeTarget section */

/* Begin PBXProject section */
		B4A5B7B42C1579130037A5AB /* Project object */ = {
			isa = PBXProject;
			attributes = {
				BuildIndependentTargetsInParallel = 1;
				LastSwiftUpdateCheck = 1530;
				LastUpgradeCheck = 1530;
				TargetAttributes = {
					B4A5B7BB2C1579140037A5AB = {
						CreatedOnToolsVersion = 15.3;
					};
				};
			};
			buildConfigurationList = B4A5B7B72C1579140037A5AB /* Build configuration list for PBXProject "FileShare" */;
			compatibilityVersion = "Xcode 14.0";
			developmentRegion = en;
			hasScannedForEncodings = 0;
			knownRegions = (
				en,
				Base,
			);
			mainGroup = B4A5B7B32C1579130037A5AB;
			productRefGroup = B4A5B7BD2C1579140037A5AB /* Products */;
			projectDirPath = "";
			projectRoot = "";
			targets = (
				B4A5B7BB2C1579140037A5AB /* FileShare */,
			);
		};
/* End PBXProject section */

/* Begin PBXResourcesBuildPhase section */
		B4A5B7BA2C1579140037A5AB /* Resources */ = {
			isa = PBXResourcesBuildPhase;
			buildActionMask = 2147483647;
			files = (
				B4A5B7C82C1579240037A5AB /* Preview Assets.xcassets in Resources */,
				B4A5B7C42C1579230037A5AB /* Assets.xcassets in Resources */,
			);
			runOnlyForDeploymentPostprocessing = 0;
		};
/* End PBXResourcesBuildPhase section */

/* Begin PBXSourcesBuildPhase section */
		B4A5B7B82C1579140037A5AB /* Sources */ = {
			isa = PBXSourcesBuildPhase;
			buildActionMask = 2147483647;
			files = (
				B4A5B7E62C1746B40037A5AB /* ImportExportService.swift in Sources */,
				B4A5B7E82C19BBC00037A5AB /* DeleteAllFilesService.swift in Sources */,
				B4A5B7C22C1579140037A5AB /* FileShareView.swift in Sources */,
				B4A5B7C02C1579140037A5AB /* FileShareApp.swift in Sources */,
				B4A5B7D32C1579F60037A5AB /* FetchFileService.swift in Sources */,
				B4A5B7EC2C19D5820037A5AB /* ImportExportViewModifier.swift in Sources */,
				B4D5D7512C1EACDB00FDFF03 /* DeleteFileService.swift in Sources */,
				B4A5B7D12C1579D30037A5AB /* FileData.swift in Sources */,
				B4A5B7EA2C19D27E0037A5AB /* FileListView.swift in Sources */,
				B4A5B7D72C157AAC0037A5AB /* FileShareViewModel.swift in Sources */,
				B4A5B7D92C159A340037A5AB /* FileDocument.swift in Sources */,
				B4A5B7D52C157A0B0037A5AB /* UploadFileService.swift in Sources */,
			);
			runOnlyForDeploymentPostprocessing = 0;
		};
/* End PBXSourcesBuildPhase section */

/* Begin XCBuildConfiguration section */
		B4A5B7C92C1579240037A5AB /* Debug */ = {
			isa = XCBuildConfiguration;
			buildSettings = {
				ALWAYS_SEARCH_USER_PATHS = NO;
				ASSETCATALOG_COMPILER_GENERATE_SWIFT_ASSET_SYMBOL_EXTENSIONS = YES;
				CLANG_ANALYZER_NONNULL = YES;
				CLANG_ANALYZER_NUMBER_OBJECT_CONVERSION = YES_AGGRESSIVE;
				CLANG_CXX_LANGUAGE_STANDARD = "gnu++20";
				CLANG_ENABLE_MODULES = YES;
				CLANG_ENABLE_OBJC_ARC = YES;
				CLANG_ENABLE_OBJC_WEAK = YES;
				CLANG_WARN_BLOCK_CAPTURE_AUTORELEASING = YES;
				CLANG_WARN_BOOL_CONVERSION = YES;
				CLANG_WARN_COMMA = YES;
				CLANG_WARN_CONSTANT_CONVERSION = YES;
				CLANG_WARN_DEPRECATED_OBJC_IMPLEMENTATIONS = YES;
				CLANG_WARN_DIRECT_OBJC_ISA_USAGE = YES_ERROR;
				CLANG_WARN_DOCUMENTATION_COMMENTS = YES;
				CLANG_WARN_EMPTY_BODY = YES;
				CLANG_WARN_ENUM_CONVERSION = YES;
				CLANG_WARN_INFINITE_RECURSION = YES;
				CLANG_WARN_INT_CONVERSION = YES;
				CLANG_WARN_NON_LITERAL_NULL_CONVERSION = YES;
				CLANG_WARN_OBJC_IMPLICIT_RETAIN_SELF = YES;
				CLANG_WARN_OBJC_LITERAL_CONVERSION = YES;
				CLANG_WARN_OBJC_ROOT_CLASS = YES_ERROR;
				CLANG_WARN_QUOTED_INCLUDE_IN_FRAMEWORK_HEADER = YES;
				CLANG_WARN_RANGE_LOOP_ANALYSIS = YES;
				CLANG_WARN_STRICT_PROTOTYPES = YES;
				CLANG_WARN_SUSPICIOUS_MOVE = YES;
				CLANG_WARN_UNGUARDED_AVAILABILITY = YES_AGGRESSIVE;
				CLANG_WARN_UNREACHABLE_CODE = YES;
				CLANG_WARN__DUPLICATE_METHOD_MATCH = YES;
				COPY_PHASE_STRIP = NO;
				DEBUG_INFORMATION_FORMAT = dwarf;
				ENABLE_STRICT_OBJC_MSGSEND = YES;
				ENABLE_TESTABILITY = YES;
				ENABLE_USER_SCRIPT_SANDBOXING = YES;
				GCC_C_LANGUAGE_STANDARD = gnu17;
				GCC_DYNAMIC_NO_PIC = NO;
				GCC_NO_COMMON_BLOCKS = YES;
				GCC_OPTIMIZATION_LEVEL = 0;
				GCC_PREPROCESSOR_DEFINITIONS = (
					"DEBUG=1",
					"$(inherited)",
				);
				GCC_WARN_64_TO_32_BIT_CONVERSION = YES;
				GCC_WARN_ABOUT_RETURN_TYPE = YES_ERROR;
				GCC_WARN_UNDECLARED_SELECTOR = YES;
				GCC_WARN_UNINITIALIZED_AUTOS = YES_AGGRESSIVE;
				GCC_WARN_UNUSED_FUNCTION = YES;
				GCC_WARN_UNUSED_VARIABLE = YES;
				LOCALIZATION_PREFERS_STRING_CATALOGS = YES;
				MTL_ENABLE_DEBUG_INFO = INCLUDE_SOURCE;
				MTL_FAST_MATH = YES;
				ONLY_ACTIVE_ARCH = YES;
				SWIFT_ACTIVE_COMPILATION_CONDITIONS = "DEBUG $(inherited)";
				SWIFT_OPTIMIZATION_LEVEL = "-Onone";
			};
			name = Debug;
		};
		B4A5B7CA2C1579240037A5AB /* Release */ = {
			isa = XCBuildConfiguration;
			buildSettings = {
				ALWAYS_SEARCH_USER_PATHS = NO;
				ASSETCATALOG_COMPILER_GENERATE_SWIFT_ASSET_SYMBOL_EXTENSIONS = YES;
				CLANG_ANALYZER_NONNULL = YES;
				CLANG_ANALYZER_NUMBER_OBJECT_CONVERSION = YES_AGGRESSIVE;
				CLANG_CXX_LANGUAGE_STANDARD = "gnu++20";
				CLANG_ENABLE_MODULES = YES;
				CLANG_ENABLE_OBJC_ARC = YES;
				CLANG_ENABLE_OBJC_WEAK = YES;
				CLANG_WARN_BLOCK_CAPTURE_AUTORELEASING = YES;
				CLANG_WARN_BOOL_CONVERSION = YES;
				CLANG_WARN_COMMA = YES;
				CLANG_WARN_CONSTANT_CONVERSION = YES;
				CLANG_WARN_DEPRECATED_OBJC_IMPLEMENTATIONS = YES;
				CLANG_WARN_DIRECT_OBJC_ISA_USAGE = YES_ERROR;
				CLANG_WARN_DOCUMENTATION_COMMENTS = YES;
				CLANG_WARN_EMPTY_BODY = YES;
				CLANG_WARN_ENUM_CONVERSION = YES;
				CLANG_WARN_INFINITE_RECURSION = YES;
				CLANG_WARN_INT_CONVERSION = YES;
				CLANG_WARN_NON_LITERAL_NULL_CONVERSION = YES;
				CLANG_WARN_OBJC_IMPLICIT_RETAIN_SELF = YES;
				CLANG_WARN_OBJC_LITERAL_CONVERSION = YES;
				CLANG_WARN_OBJC_ROOT_CLASS = YES_ERROR;
				CLANG_WARN_QUOTED_INCLUDE_IN_FRAMEWORK_HEADER = YES;
				CLANG_WARN_RANGE_LOOP_ANALYSIS = YES;
				CLANG_WARN_STRICT_PROTOTYPES = YES;
				CLANG_WARN_SUSPICIOUS_MOVE = YES;
				CLANG_WARN_UNGUARDED_AVAILABILITY = YES_AGGRESSIVE;
				CLANG_WARN_UNREACHABLE_CODE = YES;
				CLANG_WARN__DUPLICATE_METHOD_MATCH = YES;
				COPY_PHASE_STRIP = NO;
				DEBUG_INFORMATION_FORMAT = "dwarf-with-dsym";
				ENABLE_NS_ASSERTIONS = NO;
				ENABLE_STRICT_OBJC_MSGSEND = YES;
				ENABLE_USER_SCRIPT_SANDBOXING = YES;
				GCC_C_LANGUAGE_STANDARD = gnu17;
				GCC_NO_COMMON_BLOCKS = YES;
				GCC_WARN_64_TO_32_BIT_CONVERSION = YES;
				GCC_WARN_ABOUT_RETURN_TYPE = YES_ERROR;
				GCC_WARN_UNDECLARED_SELECTOR = YES;
				GCC_WARN_UNINITIALIZED_AUTOS = YES_AGGRESSIVE;
				GCC_WARN_UNUSED_FUNCTION = YES;
				GCC_WARN_UNUSED_VARIABLE = YES;
				LOCALIZATION_PREFERS_STRING_CATALOGS = YES;
				MTL_ENABLE_DEBUG_INFO = NO;
				MTL_FAST_MATH = YES;
				SWIFT_COMPILATION_MODE = wholemodule;
			};
			name = Release;
		};
		B4A5B7CC2C1579240037A5AB /* Debug */ = {
			isa = XCBuildConfiguration;
			buildSettings = {
				ASSETCATALOG_COMPILER_APPICON_NAME = AppIcon;
				ASSETCATALOG_COMPILER_GLOBAL_ACCENT_COLOR_NAME = AccentColor;
				CODE_SIGN_ENTITLEMENTS = FileShare/FileShare.entitlements;
				CODE_SIGN_STYLE = Automatic;
				CURRENT_PROJECT_VERSION = 1;
				DEVELOPMENT_ASSET_PATHS = "\"FileShare/Preview Content\"";
				DEVELOPMENT_TEAM = 5QG8T9G437;
				ENABLE_HARDENED_RUNTIME = YES;
				ENABLE_PREVIEWS = YES;
				GENERATE_INFOPLIST_FILE = YES;
				"INFOPLIST_KEY_UIApplicationSceneManifest_Generation[sdk=iphoneos*]" = YES;
				"INFOPLIST_KEY_UIApplicationSceneManifest_Generation[sdk=iphonesimulator*]" = YES;
				"INFOPLIST_KEY_UIApplicationSupportsIndirectInputEvents[sdk=iphoneos*]" = YES;
				"INFOPLIST_KEY_UIApplicationSupportsIndirectInputEvents[sdk=iphonesimulator*]" = YES;
				"INFOPLIST_KEY_UILaunchScreen_Generation[sdk=iphoneos*]" = YES;
				"INFOPLIST_KEY_UILaunchScreen_Generation[sdk=iphonesimulator*]" = YES;
				"INFOPLIST_KEY_UIStatusBarStyle[sdk=iphoneos*]" = UIStatusBarStyleDefault;
				"INFOPLIST_KEY_UIStatusBarStyle[sdk=iphonesimulator*]" = UIStatusBarStyleDefault;
				INFOPLIST_KEY_UISupportedInterfaceOrientations_iPad = "UIInterfaceOrientationPortrait UIInterfaceOrientationPortraitUpsideDown UIInterfaceOrientationLandscapeLeft UIInterfaceOrientationLandscapeRight";
				INFOPLIST_KEY_UISupportedInterfaceOrientations_iPhone = "UIInterfaceOrientationPortrait UIInterfaceOrientationLandscapeLeft UIInterfaceOrientationLandscapeRight";
				IPHONEOS_DEPLOYMENT_TARGET = 18.0;
				LD_RUNPATH_SEARCH_PATHS = "@executable_path/Frameworks";
				"LD_RUNPATH_SEARCH_PATHS[sdk=macosx*]" = "@executable_path/../Frameworks";
				MACOSX_DEPLOYMENT_TARGET = 15.0;
				MARKETING_VERSION = 1.0;
				PRODUCT_BUNDLE_IDENTIFIER = com.ethanli.FileShare;
				PRODUCT_NAME = "$(TARGET_NAME)";
				SDKROOT = auto;
				SUPPORTED_PLATFORMS = "iphoneos iphonesimulator macosx";
				SWIFT_EMIT_LOC_STRINGS = YES;
				SWIFT_VERSION = 5.0;
				TARGETED_DEVICE_FAMILY = "1,2";
			};
			name = Debug;
		};
		B4A5B7CD2C1579240037A5AB /* Release */ = {
			isa = XCBuildConfiguration;
			buildSettings = {
				ASSETCATALOG_COMPILER_APPICON_NAME = AppIcon;
				ASSETCATALOG_COMPILER_GLOBAL_ACCENT_COLOR_NAME = AccentColor;
				CODE_SIGN_ENTITLEMENTS = FileShare/FileShare.entitlements;
				CODE_SIGN_STYLE = Automatic;
				CURRENT_PROJECT_VERSION = 1;
				DEVELOPMENT_ASSET_PATHS = "\"FileShare/Preview Content\"";
				DEVELOPMENT_TEAM = 5QG8T9G437;
				ENABLE_HARDENED_RUNTIME = YES;
				ENABLE_PREVIEWS = YES;
				GENERATE_INFOPLIST_FILE = YES;
				"INFOPLIST_KEY_UIApplicationSceneManifest_Generation[sdk=iphoneos*]" = YES;
				"INFOPLIST_KEY_UIApplicationSceneManifest_Generation[sdk=iphonesimulator*]" = YES;
				"INFOPLIST_KEY_UIApplicationSupportsIndirectInputEvents[sdk=iphoneos*]" = YES;
				"INFOPLIST_KEY_UIApplicationSupportsIndirectInputEvents[sdk=iphonesimulator*]" = YES;
				"INFOPLIST_KEY_UILaunchScreen_Generation[sdk=iphoneos*]" = YES;
				"INFOPLIST_KEY_UILaunchScreen_Generation[sdk=iphonesimulator*]" = YES;
				"INFOPLIST_KEY_UIStatusBarStyle[sdk=iphoneos*]" = UIStatusBarStyleDefault;
				"INFOPLIST_KEY_UIStatusBarStyle[sdk=iphonesimulator*]" = UIStatusBarStyleDefault;
				INFOPLIST_KEY_UISupportedInterfaceOrientations_iPad = "UIInterfaceOrientationPortrait UIInterfaceOrientationPortraitUpsideDown UIInterfaceOrientationLandscapeLeft UIInterfaceOrientationLandscapeRight";
				INFOPLIST_KEY_UISupportedInterfaceOrientations_iPhone = "UIInterfaceOrientationPortrait UIInterfaceOrientationLandscapeLeft UIInterfaceOrientationLandscapeRight";
				IPHONEOS_DEPLOYMENT_TARGET = 18.0;
				LD_RUNPATH_SEARCH_PATHS = "@executable_path/Frameworks";
				"LD_RUNPATH_SEARCH_PATHS[sdk=macosx*]" = "@executable_path/../Frameworks";
				MACOSX_DEPLOYMENT_TARGET = 15.0;
				MARKETING_VERSION = 1.0;
				PRODUCT_BUNDLE_IDENTIFIER = com.ethanli.FileShare;
				PRODUCT_NAME = "$(TARGET_NAME)";
				SDKROOT = auto;
				SUPPORTED_PLATFORMS = "iphoneos iphonesimulator macosx";
				SWIFT_EMIT_LOC_STRINGS = YES;
				SWIFT_VERSION = 5.0;
				TARGETED_DEVICE_FAMILY = "1,2";
			};
			name = Release;
		};
/* End XCBuildConfiguration section */

/* Begin XCConfigurationList section */
		B4A5B7B72C1579140037A5AB /* Build configuration list for PBXProject "FileShare" */ = {
			isa = XCConfigurationList;
			buildConfigurations = (
				B4A5B7C92C1579240037A5AB /* Debug */,
				B4A5B7CA2C1579240037A5AB /* Release */,
			);
			defaultConfigurationIsVisible = 0;
			defaultConfigurationName = Release;
		};
		B4A5B7CB2C1579240037A5AB /* Build configuration list for PBXNativeTarget "FileShare" */ = {
			isa = XCConfigurationList;
			buildConfigurations = (
				B4A5B7CC2C1579240037A5AB /* Debug */,
				B4A5B7CD2C1579240037A5AB /* Release */,
			);
			defaultConfigurationIsVisible = 0;
			defaultConfigurationName = Release;
		};
/* End XCConfigurationList section */
	};
	rootObject = B4A5B7B42C1579130037A5AB /* Project object */;
}
